{
  "version": 4,
  "terraform_version": "1.3.1",
  "serial": 7,
  "lineage": "9c3b5db9-b278-d684-d467-af8aeefdab89",
  "outputs": {},
  "resources": [
    {
      "mode": "managed",
      "type": "github_repository",
      "name": "terra_test",
      "provider": "provider[\"registry.terraform.io/integrations/github\"]",
      "instances": [
        {
          "schema_version": 1,
          "attributes": {
            "allow_auto_merge": false,
            "allow_merge_commit": true,
            "allow_rebase_merge": true,
            "allow_squash_merge": true,
            "allow_update_branch": false,
            "archive_on_destroy": null,
            "archived": false,
            "auto_init": null,
            "default_branch": "main",
            "delete_branch_on_merge": false,
            "description": "Test rpo",
            "etag": "W/\"a38ca4886449315e9fc6813174cdd60998b535e93ba12d121212649c661e1889\"",
            "full_name": "gnithub/terraform_test",
            "git_clone_url": "git://github.com/gnithub/terraform_test.git",
            "gitignore_template": null,
            "has_discussions": false,
            "has_downloads": false,
            "has_issues": false,
            "has_projects": false,
            "has_wiki": false,
            "homepage_url": "",
            "html_url": "https://github.com/gnithub/terraform_test",
            "http_clone_url": "https://github.com/gnithub/terraform_test.git",
            "id": "terraform_test",
            "ignore_vulnerability_alerts_during_read": null,
            "is_template": false,
            "license_template": null,
            "merge_commit_message": "PR_TITLE",
            "merge_commit_title": "MERGE_MESSAGE",
            "name": "terraform_test",
            "node_id": "R_kgDOI8GLLw",
            "pages": [],
            "private": true,
            "repo_id": 599886639,
            "security_and_analysis": [],
            "squash_merge_commit_message": "COMMIT_MESSAGES",
            "squash_merge_commit_title": "COMMIT_OR_PR_TITLE",
            "ssh_clone_url": "git@github.com:gnithub/terraform_test.git",
            "svn_url": "https://github.com/gnithub/terraform_test",
            "template": [],
            "topics": null,
            "visibility": "private",
            "vulnerability_alerts": false
          },
          "sensitive_attributes": [],
          "private": "eyJzY2hlbWFfdmVyc2lvbiI6IjEifQ=="
        }
      ]
    }
  ],
  "check_results": []
}
